
Microsoft Visual Studio Solution File, Format Version 12.00
# Visual Studio 15
VisualStudioVersion = 15.0.28307.1340
MinimumVisualStudioVersion = 10.0.40219.1
Project("{FAE04EC0-301F-11D3-BF4B-00C04F79EFBC}") = "CSF1Homework", "CSF1Homework\CSF1Homework.csproj", "{30F0D684-F7F2-484C-9A32-ABE2D63E7528}"
EndProject
Global
	GlobalSection(SolutionConfigurationPlatforms) = preSolution
		Debug|Any CPU = Debug|Any CPU
		Release|Any CPU = Release|Any CPU
	EndGlobalSection
	GlobalSection(ProjectConfigurationPlatforms) = postSolution
		{30F0D684-F7F2-484C-9A32-ABE2D63E7528}.Debug|Any CPU.ActiveCfg = Debug|Any CPU
		{30F0D684-F7F2-484C-9A32-ABE2D63E7528}.Debug|Any CPU.Build.0 = Debug|Any CPU
		{30F0D684-F7F2-484C-9A32-ABE2D63E7528}.Release|Any CPU.ActiveCfg = Release|Any CPU
		{30F0D684-F7F2-484C-9A32-ABE2D63E7528}.Release|Any CPU.Build.0 = Release|Any CPU
	EndGlobalSection
	GlobalSection(SolutionProperties) = preSolution
		HideSolutionNode = FALSE
	EndGlobalSection
	GlobalSection(ExtensibilityGlobals) = postSolution
		SolutionGuid = {BDD4ABCF-94C9-425D-AE01-19FBB3F82756}
	EndGlobalSection
EndGlobal
